get_data:
  cmd: make download_data
  outs:
  - path: data/raw/labeledTrainData.tsv
    md5: a1f99a7f1243b44652a331770c96ebc0
  - path: data/raw/testData.tsv
    md5: 82b3d9315acceb41fbe0a6f3965f22cf
  - path: data/raw/unlabeledTrainData.tsv
    md5: 47fb9a55b979976093a091df9430bd3b
split:
  cmd: python movie_reviews_classification/data/train_valid_split.py data/raw/labeledTrainData.tsv
    data/interim --column sentiment
  deps:
  - path: data/raw/labeledTrainData.tsv
    md5: a1f99a7f1243b44652a331770c96ebc0
  - path: movie_reviews_classification/data/train_valid_split.py
    md5: 3522cc2345d3942074d8093eba1609fe
  params:
    params.yaml:
      data.test_size: 0.3
  outs:
  - path: data/interim/labeledTrainData.train.csv
    md5: 3ca24a852488babebe5e0423ab22885d
  - path: data/interim/labeledTrainData.valid.csv
    md5: eb3570898c46ef96e35668539374933a
train:
  cmd: nohup python -m deeppavlov train models/fasttext_cnn.json -d > data/logs/fasttext_cnn.log;
    tail -n 2 data/logs/fasttext_cnn.log | head -n 1 > /tmp/train_log.json; tail -n
    1 data/logs/fasttext_cnn.log > /tmp/valid_log.json; jq -s '.[0] * .[1]' /tmp/train_log.json
    /tmp/valid_log.json > data/summary/sentiment.json
  deps:
  - path: data/interim/labeledTrainData.train.csv
    md5: 3ca24a852488babebe5e0423ab22885d
  - path: data/interim/labeledTrainData.valid.csv
    md5: eb3570898c46ef96e35668539374933a
  - path: models/fasttext_cnn.json
    md5: f4e60980cf84f54ddcadf8ac9bab74bb
  outs:
  - path: data/logs/fasttext_cnn.log
    md5: ad0ac09802f4da0c2d4d9f7c02500e66
  - path: data/summary/sentiment.json
    md5: fa1af260d5bbd509e3c3a7a6df6232b3
  - path: models_data/classifiers/movie_reviews_fasttext_cnn
    md5: 24b0d248161c88f76c2bc3797ea0d967.dir
